// !$*UTF8*$!
{
	archiveVersion = 1;
	classes = {
	};
	objectVersion = 52;
	objects = {

/* Begin PBXBuildFile section */
		D51D3E6E269A15F300DE6454 /* SDWebImage in Frameworks */ = {isa = PBXBuildFile; productRef = D51D3E6D269A15F300DE6454 /* SDWebImage */; };
		D5AC70D4264A790700DEE93F /* AppDelegate.swift in Sources */ = {isa = PBXBuildFile; fileRef = D5AC70D3264A790700DEE93F /* AppDelegate.swift */; };
		D5AC70D6264A790700DEE93F /* SceneDelegate.swift in Sources */ = {isa = PBXBuildFile; fileRef = D5AC70D5264A790700DEE93F /* SceneDelegate.swift */; };
		D5AC70D8264A790700DEE93F /* ViewController.swift in Sources */ = {isa = PBXBuildFile; fileRef = D5AC70D7264A790700DEE93F /* ViewController.swift */; };
		D5AC70DB264A790700DEE93F /* Main.storyboard in Resources */ = {isa = PBXBuildFile; fileRef = D5AC70D9264A790700DEE93F /* Main.storyboard */; };
		D5AC70DD264A790B00DEE93F /* Assets.xcassets in Resources */ = {isa = PBXBuildFile; fileRef = D5AC70DC264A790B00DEE93F /* Assets.xcassets */; };
		D5AC70E0264A790B00DEE93F /* LaunchScreen.storyboard in Resources */ = {isa = PBXBuildFile; fileRef = D5AC70DE264A790B00DEE93F /* LaunchScreen.storyboard */; };
		D5AC70E8264A8ED400DEE93F /* githubData.swift in Sources */ = {isa = PBXBuildFile; fileRef = D5AC70E7264A8ED400DEE93F /* githubData.swift */; };
		D5AC70EA264ABD9F00DEE93F /* ShowDetailsController.swift in Sources */ = {isa = PBXBuildFile; fileRef = D5AC70E9264ABD9F00DEE93F /* ShowDetailsController.swift */; };
		D5AC70EF264AE9F600DEE93F /* Helper.swift in Sources */ = {isa = PBXBuildFile; fileRef = D5AC70EE264AE9F600DEE93F /* Helper.swift */; };
		D5AC70F4264AEEA700DEE93F /* CustomTableViewCell.swift in Sources */ = {isa = PBXBuildFile; fileRef = D5AC70F3264AEEA700DEE93F /* CustomTableViewCell.swift */; };
		D5C1217F268E3D0300C21DE3 /* coffee.json in Resources */ = {isa = PBXBuildFile; fileRef = D5C1217E268E3D0300C21DE3 /* coffee.json */; };
		D5C12182268E3DB800C21DE3 /* InitialViewController.swift in Sources */ = {isa = PBXBuildFile; fileRef = D5C12180268E3DB800C21DE3 /* InitialViewController.swift */; };
		D5C12183268E3DB800C21DE3 /* InitialViewController.xib in Resources */ = {isa = PBXBuildFile; fileRef = D5C12181268E3DB800C21DE3 /* InitialViewController.xib */; };
		D5C12186268E3E6100C21DE3 /* Lottie in Frameworks */ = {isa = PBXBuildFile; productRef = D5C12185268E3E6100C21DE3 /* Lottie */; };
/* End PBXBuildFile section */

/* Begin PBXFileReference section */
		D5AC70D0264A790700DEE93F /* Github-Users.app */ = {isa = PBXFileReference; explicitFileType = wrapper.application; includeInIndex = 0; path = "Github-Users.app"; sourceTree = BUILT_PRODUCTS_DIR; };
		D5AC70D3264A790700DEE93F /* AppDelegate.swift */ = {isa = PBXFileReference; lastKnownFileType = sourcecode.swift; path = AppDelegate.swift; sourceTree = "<group>"; };
		D5AC70D5264A790700DEE93F /* SceneDelegate.swift */ = {isa = PBXFileReference; lastKnownFileType = sourcecode.swift; path = SceneDelegate.swift; sourceTree = "<group>"; };
		D5AC70D7264A790700DEE93F /* ViewController.swift */ = {isa = PBXFileReference; lastKnownFileType = sourcecode.swift; path = ViewController.swift; sourceTree = "<group>"; };
		D5AC70DA264A790700DEE93F /* Base */ = {isa = PBXFileReference; lastKnownFileType = file.storyboard; name = Base; path = Base.lproj/Main.storyboard; sourceTree = "<group>"; };
		D5AC70DC264A790B00DEE93F /* Assets.xcassets */ = {isa = PBXFileReference; lastKnownFileType = folder.assetcatalog; path = Assets.xcassets; sourceTree = "<group>"; };
		D5AC70DF264A790B00DEE93F /* Base */ = {isa = PBXFileReference; lastKnownFileType = file.storyboard; name = Base; path = Base.lproj/LaunchScreen.storyboard; sourceTree = "<group>"; };
		D5AC70E1264A790B00DEE93F /* Info.plist */ = {isa = PBXFileReference; lastKnownFileType = text.plist.xml; path = Info.plist; sourceTree = "<group>"; };
		D5AC70E7264A8ED400DEE93F /* githubData.swift */ = {isa = PBXFileReference; lastKnownFileType = sourcecode.swift; path = githubData.swift; sourceTree = "<group>"; };
		D5AC70E9264ABD9F00DEE93F /* ShowDetailsController.swift */ = {isa = PBXFileReference; lastKnownFileType = sourcecode.swift; path = ShowDetailsController.swift; sourceTree = "<group>"; };
		D5AC70EE264AE9F600DEE93F /* Helper.swift */ = {isa = PBXFileReference; lastKnownFileType = sourcecode.swift; path = Helper.swift; sourceTree = "<group>"; };
		D5AC70F3264AEEA700DEE93F /* CustomTableViewCell.swift */ = {isa = PBXFileReference; lastKnownFileType = sourcecode.swift; path = CustomTableViewCell.swift; sourceTree = "<group>"; };
		D5C1217E268E3D0300C21DE3 /* coffee.json */ = {isa = PBXFileReference; fileEncoding = 4; lastKnownFileType = text.json; path = coffee.json; sourceTree = "<group>"; };
		D5C12180268E3DB800C21DE3 /* InitialViewController.swift */ = {isa = PBXFileReference; lastKnownFileType = sourcecode.swift; name = InitialViewController.swift; path = "Github-Users/Controller/InitialViewController.swift"; sourceTree = SOURCE_ROOT; };
		D5C12181268E3DB800C21DE3 /* InitialViewController.xib */ = {isa = PBXFileReference; lastKnownFileType = file.xib; name = InitialViewController.xib; path = "Github-Users/InitialViewController.xib"; sourceTree = SOURCE_ROOT; };
/* End PBXFileReference section */

/* Begin PBXFrameworksBuildPhase section */
		D5AC70CD264A790700DEE93F /* Frameworks */ = {
			isa = PBXFrameworksBuildPhase;
			buildActionMask = 2147483647;
			files = (
				D51D3E6E269A15F300DE6454 /* SDWebImage in Frameworks */,
				D5C12186268E3E6100C21DE3 /* Lottie in Frameworks */,
			);
			runOnlyForDeploymentPostprocessing = 0;
		};
/* End PBXFrameworksBuildPhase section */

/* Begin PBXGroup section */
		D5AC70C7264A790700DEE93F = {
			isa = PBXGroup;
			children = (
				D5AC70D2264A790700DEE93F /* Github-Users */,
				D5AC70D1264A790700DEE93F /* Products */,
			);
			sourceTree = "<group>";
		};
		D5AC70D1264A790700DEE93F /* Products */ = {
			isa = PBXGroup;
			children = (
				D5AC70D0264A790700DEE93F /* Github-Users.app */,
			);
			name = Products;
			sourceTree = "<group>";
		};
		D5AC70D2264A790700DEE93F /* Github-Users */ = {
			isa = PBXGroup;
			children = (
				D5C1217E268E3D0300C21DE3 /* coffee.json */,
				D5AC70ED264AD79400DEE93F /* Model */,
				D5AC70EB264AD75800DEE93F /* View */,
				D5AC70EC264AD76500DEE93F /* Controller */,
				D5AC70F0264AEA1100DEE93F /* Helper */,
				D5AC70DC264A790B00DEE93F /* Assets.xcassets */,
				D5AC70D5264A790700DEE93F /* SceneDelegate.swift */,
				D5AC70D3264A790700DEE93F /* AppDelegate.swift */,
				D5AC70DE264A790B00DEE93F /* LaunchScreen.storyboard */,
				D5AC70E1264A790B00DEE93F /* Info.plist */,
			);
			path = "Github-Users";
			sourceTree = "<group>";
		};
		D5AC70EB264AD75800DEE93F /* View */ = {
			isa = PBXGroup;
			children = (
				D5AC70D9264A790700DEE93F /* Main.storyboard */,
				D5C12181268E3DB800C21DE3 /* InitialViewController.xib */,
			);
			path = View;
			sourceTree = "<group>";
		};
		D5AC70EC264AD76500DEE93F /* Controller */ = {
			isa = PBXGroup;
			children = (
				D5C12180268E3DB800C21DE3 /* InitialViewController.swift */,
				D5AC70E9264ABD9F00DEE93F /* ShowDetailsController.swift */,
				D5AC70D7264A790700DEE93F /* ViewController.swift */,
				D5AC70F3264AEEA700DEE93F /* CustomTableViewCell.swift */,
			);
			path = Controller;
			sourceTree = "<group>";
		};
		D5AC70ED264AD79400DEE93F /* Model */ = {
			isa = PBXGroup;
			children = (
				D5AC70E7264A8ED400DEE93F /* githubData.swift */,
			);
			path = Model;
			sourceTree = "<group>";
		};
		D5AC70F0264AEA1100DEE93F /* Helper */ = {
			isa = PBXGroup;
			children = (
				D5AC70EE264AE9F600DEE93F /* Helper.swift */,
			);
			path = Helper;
			sourceTree = "<group>";
		};
/* End PBXGroup section */

/* Begin PBXNativeTarget section */
		D5AC70CF264A790700DEE93F /* Github-Users */ = {
			isa = PBXNativeTarget;
			buildConfigurationList = D5AC70E4264A790B00DEE93F /* Build configuration list for PBXNativeTarget "Github-Users" */;
			buildPhases = (
				D5AC70CC264A790700DEE93F /* Sources */,
				D5AC70CD264A790700DEE93F /* Frameworks */,
				D5AC70CE264A790700DEE93F /* Resources */,
			);
			buildRules = (
			);
			dependencies = (
			);
			name = "Github-Users";
			packageProductDependencies = (
				D5C12185268E3E6100C21DE3 /* Lottie */,
				D51D3E6D269A15F300DE6454 /* SDWebImage */,
			);
			productName = "Github-Users";
			productReference = D5AC70D0264A790700DEE93F /* Github-Users.app */;
			productType = "com.apple.product-type.application";
		};
/* End PBXNativeTarget section */

/* Begin PBXProject section */
		D5AC70C8264A790700DEE93F /* Project object */ = {
			isa = PBXProject;
			attributes = {
				LastSwiftUpdateCheck = 1250;
				LastUpgradeCheck = 1250;
				TargetAttributes = {
					D5AC70CF264A790700DEE93F = {
						CreatedOnToolsVersion = 12.5;
					};
				};
			};
			buildConfigurationList = D5AC70CB264A790700DEE93F /* Build configuration list for PBXProject "Github-Users" */;
			compatibilityVersion = "Xcode 9.3";
			developmentRegion = en;
			hasScannedForEncodings = 0;
			knownRegions = (
				en,
				Base,
			);
			mainGroup = D5AC70C7264A790700DEE93F;
			packageReferences = (
				D5C12184268E3E6100C21DE3 /* XCRemoteSwiftPackageReference "lottie-ios" */,
				D51D3E6C269A15F300DE6454 /* XCRemoteSwiftPackageReference "SDWebImage" */,
			);
			productRefGroup = D5AC70D1264A790700DEE93F /* Products */;
			projectDirPath = "";
			projectRoot = "";
			targets = (
				D5AC70CF264A790700DEE93F /* Github-Users */,
			);
		};
/* End PBXProject section */

/* Begin PBXResourcesBuildPhase section */
		D5AC70CE264A790700DEE93F /* Resources */ = {
			isa = PBXResourcesBuildPhase;
			buildActionMask = 2147483647;
			files = (
				D5AC70E0264A790B00DEE93F /* LaunchScreen.storyboard in Resources */,
				D5AC70DD264A790B00DEE93F /* Assets.xcassets in Resources */,
				D5C12183268E3DB800C21DE3 /* InitialViewController.xib in Resources */,
				D5AC70DB264A790700DEE93F /* Main.storyboard in Resources */,
				D5C1217F268E3D0300C21DE3 /* coffee.json in Resources */,
			);
			runOnlyForDeploymentPostprocessing = 0;
		};
/* End PBXResourcesBuildPhase section */

/* Begin PBXSourcesBuildPhase section */
		D5AC70CC264A790700DEE93F /* Sources */ = {
			isa = PBXSourcesBuildPhase;
			buildActionMask = 2147483647;
			files = (
				D5AC70E8264A8ED400DEE93F /* githubData.swift in Sources */,
				D5AC70D8264A790700DEE93F /* ViewController.swift in Sources */,
				D5AC70EA264ABD9F00DEE93F /* ShowDetailsController.swift in Sources */,
				D5AC70F4264AEEA700DEE93F /* CustomTableViewCell.swift in Sources */,
				D5AC70D4264A790700DEE93F /* AppDelegate.swift in Sources */,
				D5AC70D6264A790700DEE93F /* SceneDelegate.swift in Sources */,
				D5AC70EF264AE9F600DEE93F /* Helper.swift in Sources */,
				D5C12182268E3DB800C21DE3 /* InitialViewController.swift in Sources */,
			);
			runOnlyForDeploymentPostprocessing = 0;
		};
/* End PBXSourcesBuildPhase section */

/* Begin PBXVariantGroup section */
		D5AC70D9264A790700DEE93F /* Main.storyboard */ = {
			isa = PBXVariantGroup;
			children = (
				D5AC70DA264A790700DEE93F /* Base */,
			);
			name = Main.storyboard;
			sourceTree = "<group>";
		};
		D5AC70DE264A790B00DEE93F /* LaunchScreen.storyboard */ = {
			isa = PBXVariantGroup;
			children = (
				D5AC70DF264A790B00DEE93F /* Base */,
			);
			name = LaunchScreen.storyboard;
			sourceTree = "<group>";
		};
/* End PBXVariantGroup section */

/* Begin XCBuildConfiguration section */
		D5AC70E2264A790B00DEE93F /* Debug */ = {
			isa = XCBuildConfiguration;
			buildSettings = {
				ALWAYS_SEARCH_USER_PATHS = NO;
				CLANG_ANALYZER_NONNULL = YES;
				CLANG_ANALYZER_NUMBER_OBJECT_CONVERSION = YES_AGGRESSIVE;
				CLANG_CXX_LANGUAGE_STANDARD = "gnu++14";
				CLANG_CXX_LIBRARY = "libc++";
				CLANG_ENABLE_MODULES = YES;
				CLANG_ENABLE_OBJC_ARC = YES;
				CLANG_ENABLE_OBJC_WEAK = YES;
				CLANG_WARN_BLOCK_CAPTURE_AUTORELEASING = YES;
				CLANG_WARN_BOOL_CONVERSION = YES;
				CLANG_WARN_COMMA = YES;
				CLANG_WARN_CONSTANT_CONVERSION = YES;
				CLANG_WARN_DEPRECATED_OBJC_IMPLEMENTATIONS = YES;
				CLANG_WARN_DIRECT_OBJC_ISA_USAGE = YES_ERROR;
				CLANG_WARN_DOCUMENTATION_COMMENTS = YES;
				CLANG_WARN_EMPTY_BODY = YES;
				CLANG_WARN_ENUM_CONVERSION = YES;
				CLANG_WARN_INFINITE_RECURSION = YES;
				CLANG_WARN_INT_CONVERSION = YES;
				CLANG_WARN_NON_LITERAL_NULL_CONVERSION = YES;
				CLANG_WARN_OBJC_IMPLICIT_RETAIN_SELF = YES;
				CLANG_WARN_OBJC_LITERAL_CONVERSION = YES;
				CLANG_WARN_OBJC_ROOT_CLASS = YES_ERROR;
				CLANG_WARN_QUOTED_INCLUDE_IN_FRAMEWORK_HEADER = YES;
				CLANG_WARN_RANGE_LOOP_ANALYSIS = YES;
				CLANG_WARN_STRICT_PROTOTYPES = YES;
				CLANG_WARN_SUSPICIOUS_MOVE = YES;
				CLANG_WARN_UNGUARDED_AVAILABILITY = YES_AGGRESSIVE;
				CLANG_WARN_UNREACHABLE_CODE = YES;
				CLANG_WARN__DUPLICATE_METHOD_MATCH = YES;
				COPY_PHASE_STRIP = NO;
				DEBUG_INFORMATION_FORMAT = dwarf;
				ENABLE_STRICT_OBJC_MSGSEND = YES;
				ENABLE_TESTABILITY = YES;
				GCC_C_LANGUAGE_STANDARD = gnu11;
				GCC_DYNAMIC_NO_PIC = NO;
				GCC_NO_COMMON_BLOCKS = YES;
				GCC_OPTIMIZATION_LEVEL = 0;
				GCC_PREPROCESSOR_DEFINITIONS = (
					"DEBUG=1",
					"$(inherited)",
				);
				GCC_WARN_64_TO_32_BIT_CONVERSION = YES;
				GCC_WARN_ABOUT_RETURN_TYPE = YES_ERROR;
				GCC_WARN_UNDECLARED_SELECTOR = YES;
				GCC_WARN_UNINITIALIZED_AUTOS = YES_AGGRESSIVE;
				GCC_WARN_UNUSED_FUNCTION = YES;
				GCC_WARN_UNUSED_VARIABLE = YES;
				IPHONEOS_DEPLOYMENT_TARGET = 14.5;
				MTL_ENABLE_DEBUG_INFO = INCLUDE_SOURCE;
				MTL_FAST_MATH = YES;
				ONLY_ACTIVE_ARCH = YES;
				SDKROOT = iphoneos;
				SWIFT_ACTIVE_COMPILATION_CONDITIONS = DEBUG;
				SWIFT_OPTIMIZATION_LEVEL = "-Onone";
			};
			name = Debug;
		};
		D5AC70E3264A790B00DEE93F /* Release */ = {
			isa = XCBuildConfiguration;
			buildSettings = {
				ALWAYS_SEARCH_USER_PATHS = NO;
				CLANG_ANALYZER_NONNULL = YES;
				CLANG_ANALYZER_NUMBER_OBJECT_CONVERSION = YES_AGGRESSIVE;
				CLANG_CXX_LANGUAGE_STANDARD = "gnu++14";
				CLANG_CXX_LIBRARY = "libc++";
				CLANG_ENABLE_MODULES = YES;
				CLANG_ENABLE_OBJC_ARC = YES;
				CLANG_ENABLE_OBJC_WEAK = YES;
				CLANG_WARN_BLOCK_CAPTURE_AUTORELEASING = YES;
				CLANG_WARN_BOOL_CONVERSION = YES;
				CLANG_WARN_COMMA = YES;
				CLANG_WARN_CONSTANT_CONVERSION = YES;
				CLANG_WARN_DEPRECATED_OBJC_IMPLEMENTATIONS = YES;
				CLANG_WARN_DIRECT_OBJC_ISA_USAGE = YES_ERROR;
				CLANG_WARN_DOCUMENTATION_COMMENTS = YES;
				CLANG_WARN_EMPTY_BODY = YES;
				CLANG_WARN_ENUM_CONVERSION = YES;
				CLANG_WARN_INFINITE_RECURSION = YES;
				CLANG_WARN_INT_CONVERSION = YES;
				CLANG_WARN_NON_LITERAL_NULL_CONVERSION = YES;
				CLANG_WARN_OBJC_IMPLICIT_RETAIN_SELF = YES;
				CLANG_WARN_OBJC_LITERAL_CONVERSION = YES;
				CLANG_WARN_OBJC_ROOT_CLASS = YES_ERROR;
				CLANG_WARN_QUOTED_INCLUDE_IN_FRAMEWORK_HEADER = YES;
				CLANG_WARN_RANGE_LOOP_ANALYSIS = YES;
				CLANG_WARN_STRICT_PROTOTYPES = YES;
				CLANG_WARN_SUSPICIOUS_MOVE = YES;
				CLANG_WARN_UNGUARDED_AVAILABILITY = YES_AGGRESSIVE;
				CLANG_WARN_UNREACHABLE_CODE = YES;
				CLANG_WARN__DUPLICATE_METHOD_MATCH = YES;
				COPY_PHASE_STRIP = NO;
				DEBUG_INFORMATION_FORMAT = "dwarf-with-dsym";
				ENABLE_NS_ASSERTIONS = NO;
				ENABLE_STRICT_OBJC_MSGSEND = YES;
				GCC_C_LANGUAGE_STANDARD = gnu11;
				GCC_NO_COMMON_BLOCKS = YES;
				GCC_WARN_64_TO_32_BIT_CONVERSION = YES;
				GCC_WARN_ABOUT_RETURN_TYPE = YES_ERROR;
				GCC_WARN_UNDECLARED_SELECTOR = YES;
				GCC_WARN_UNINITIALIZED_AUTOS = YES_AGGRESSIVE;
				GCC_WARN_UNUSED_FUNCTION = YES;
				GCC_WARN_UNUSED_VARIABLE = YES;
				IPHONEOS_DEPLOYMENT_TARGET = 14.5;
				MTL_ENABLE_DEBUG_INFO = NO;
				MTL_FAST_MATH = YES;
				SDKROOT = iphoneos;
				SWIFT_COMPILATION_MODE = wholemodule;
				SWIFT_OPTIMIZATION_LEVEL = "-O";
				VALIDATE_PRODUCT = YES;
			};
			name = Release;
		};
		D5AC70E5264A790B00DEE93F /* Debug */ = {
			isa = XCBuildConfiguration;
			buildSettings = {
				ASSETCATALOG_COMPILER_APPICON_NAME = AppIcon;
				ASSETCATALOG_COMPILER_GLOBAL_ACCENT_COLOR_NAME = AccentColor;
				CODE_SIGN_STYLE = Automatic;
				DEVELOPMENT_TEAM = 6AD2RY8S5T;
				INFOPLIST_FILE = "Github-Users/Info.plist";
				LD_RUNPATH_SEARCH_PATHS = (
					"$(inherited)",
					"@executable_path/Frameworks",
				);
				PRODUCT_BUNDLE_IDENTIFIER = "com.Darshil.Github-Users";
				PRODUCT_NAME = "$(TARGET_NAME)";
				SWIFT_VERSION = 5.0;
				TARGETED_DEVICE_FAMILY = "1,2";
			};
			name = Debug;
		};
		D5AC70E6264A790B00DEE93F /* Release */ = {
			isa = XCBuildConfiguration;
			buildSettings = {
				ASSETCATALOG_COMPILER_APPICON_NAME = AppIcon;
				ASSETCATALOG_COMPILER_GLOBAL_ACCENT_COLOR_NAME = AccentColor;
				CODE_SIGN_STYLE = Automatic;
				DEVELOPMENT_TEAM = 6AD2RY8S5T;
				INFOPLIST_FILE = "Github-Users/Info.plist";
				LD_RUNPATH_SEARCH_PATHS = (
					"$(inherited)",
					"@executable_path/Frameworks",
				);
				PRODUCT_BUNDLE_IDENTIFIER = "com.Darshil.Github-Users";
				PRODUCT_NAME = "$(TARGET_NAME)";
				SWIFT_VERSION = 5.0;
				TARGETED_DEVICE_FAMILY = "1,2";
			};
			name = Release;
		};
/* End XCBuildConfiguration section */

/* Begin XCConfigurationList section */
		D5AC70CB264A790700DEE93F /* Build configuration list for PBXProject "Github-Users" */ = {
			isa = XCConfigurationList;
			buildConfigurations = (
				D5AC70E2264A790B00DEE93F /* Debug */,
				D5AC70E3264A790B00DEE93F /* Release */,
			);
			defaultConfigurationIsVisible = 0;
			defaultConfigurationName = Release;
		};
		D5AC70E4264A790B00DEE93F /* Build configuration list for PBXNativeTarget "Github-Users" */ = {
			isa = XCConfigurationList;
			buildConfigurations = (
				D5AC70E5264A790B00DEE93F /* Debug */,
				D5AC70E6264A790B00DEE93F /* Release */,
			);
			defaultConfigurationIsVisible = 0;
			defaultConfigurationName = Release;
		};
/* End XCConfigurationList section */

/* Begin XCRemoteSwiftPackageReference section */
		D51D3E6C269A15F300DE6454 /* XCRemoteSwiftPackageReference "SDWebImage" */ = {
			isa = XCRemoteSwiftPackageReference;
			repositoryURL = "https://github.com/SDWebImage/SDWebImage.git";
			requirement = {
				kind = upToNextMajorVersion;
				minimumVersion = 5.11.1;
			};
		};
		D5C12184268E3E6100C21DE3 /* XCRemoteSwiftPackageReference "lottie-ios" */ = {
			isa = XCRemoteSwiftPackageReference;
			repositoryURL = "https://github.com/airbnb/lottie-ios.git";
			requirement = {
				kind = upToNextMajorVersion;
				minimumVersion = 3.2.3;
			};
		};
/* End XCRemoteSwiftPackageReference section */

/* Begin XCSwiftPackageProductDependency section */
		D51D3E6D269A15F300DE6454 /* SDWebImage */ = {
			isa = XCSwiftPackageProductDependency;
			package = D51D3E6C269A15F300DE6454 /* XCRemoteSwiftPackageReference "SDWebImage" */;
			productName = SDWebImage;
		};
		D5C12185268E3E6100C21DE3 /* Lottie */ = {
			isa = XCSwiftPackageProductDependency;
			package = D5C12184268E3E6100C21DE3 /* XCRemoteSwiftPackageReference "lottie-ios" */;
			productName = Lottie;
		};
/* End XCSwiftPackageProductDependency section */
	};
	rootObject = D5AC70C8264A790700DEE93F /* Project object */;
}
